
Microsoft Visual Studio Solution File, Format Version 12.00
# Visual Studio 15
VisualStudioVersion = 15.0.28307.106
MinimumVisualStudioVersion = 10.0.40219.1
Project("{8BC9CEB8-8B4A-11D0-8D11-00A0C91BC942}") = "Arrays - Screencasts II - III", "Arrays - Screencasts II - III\Arrays - Screencasts II - III.vcxproj", "{79244A30-0E85-4931-A54D-1EC3EE47B2E0}"
EndProject
Global
	GlobalSection(SolutionConfigurationPlatforms) = preSolution
		Debug|x64 = Debug|x64
		Debug|x86 = Debug|x86
		Release|x64 = Release|x64
		Release|x86 = Release|x86
	EndGlobalSection
	GlobalSection(ProjectConfigurationPlatforms) = postSolution
		{79244A30-0E85-4931-A54D-1EC3EE47B2E0}.Debug|x64.ActiveCfg = Debug|x64
		{79244A30-0E85-4931-A54D-1EC3EE47B2E0}.Debug|x64.Build.0 = Debug|x64
		{79244A30-0E85-4931-A54D-1EC3EE47B2E0}.Debug|x86.ActiveCfg = Debug|Win32
		{79244A30-0E85-4931-A54D-1EC3EE47B2E0}.Debug|x86.Build.0 = Debug|Win32
		{79244A30-0E85-4931-A54D-1EC3EE47B2E0}.Release|x64.ActiveCfg = Release|x64
		{79244A30-0E85-4931-A54D-1EC3EE47B2E0}.Release|x64.Build.0 = Release|x64
		{79244A30-0E85-4931-A54D-1EC3EE47B2E0}.Release|x86.ActiveCfg = Release|Win32
		{79244A30-0E85-4931-A54D-1EC3EE47B2E0}.Release|x86.Build.0 = Release|Win32
	EndGlobalSection
	GlobalSection(SolutionProperties) = preSolution
		HideSolutionNode = FALSE
	EndGlobalSection
	GlobalSection(ExtensibilityGlobals) = postSolution
		SolutionGuid = {67382C7F-B851-4D66-93FD-5FBD02F11DE0}
	EndGlobalSection
EndGlobal
